
Microsoft Visual Studio Solution File, Format Version 12.00
# Visual Studio 15
VisualStudioVersion = 15.0.28010.2041
MinimumVisualStudioVersion = 10.0.40219.1
Project("{F184B08F-C81C-45F6-A57F-5ABD9991F28F}") = "OnePassword", "OnePassword\OnePassword.vbproj", "{91FD77CF-3268-480E-A529-EACA2B372A32}"
EndProject
Global
	GlobalSection(SolutionConfigurationPlatforms) = preSolution
		Debug|Any CPU = Debug|Any CPU
		Release|Any CPU = Release|Any CPU
	EndGlobalSection
	GlobalSection(ProjectConfigurationPlatforms) = postSolution
		{91FD77CF-3268-480E-A529-EACA2B372A32}.Debug|Any CPU.ActiveCfg = Debug|Any CPU
		{91FD77CF-3268-480E-A529-EACA2B372A32}.Debug|Any CPU.Build.0 = Debug|Any CPU
		{91FD77CF-3268-480E-A529-EACA2B372A32}.Release|Any CPU.ActiveCfg = Release|Any CPU
		{91FD77CF-3268-480E-A529-EACA2B372A32}.Release|Any CPU.Build.0 = Release|Any CPU
	EndGlobalSection
	GlobalSection(SolutionProperties) = preSolution
		HideSolutionNode = FALSE
	EndGlobalSection
	GlobalSection(ExtensibilityGlobals) = postSolution
		SolutionGuid = {F6E09022-51C0-428F-9768-6A23CE37B932}
	EndGlobalSection
EndGlobal
